
Microsoft Visual Studio Solution File, Format Version 12.00
# Visual Studio Version 17
VisualStudioVersion = 17.4.33103.184
MinimumVisualStudioVersion = 10.0.40219.1
Project("{FAE04EC0-301F-11D3-BF4B-00C04F79EFBC}") = "LR2", "LR2\LR2.csproj", "{CE736824-171D-4AEB-B82D-6BB2FC5B0159}"
EndProject
Global
	GlobalSection(SolutionConfigurationPlatforms) = preSolution
		Debug|Any CPU = Debug|Any CPU
		Release|Any CPU = Release|Any CPU
	EndGlobalSection
	GlobalSection(ProjectConfigurationPlatforms) = postSolution
		{CE736824-171D-4AEB-B82D-6BB2FC5B0159}.Debug|Any CPU.ActiveCfg = Debug|Any CPU
		{CE736824-171D-4AEB-B82D-6BB2FC5B0159}.Debug|Any CPU.Build.0 = Debug|Any CPU
		{CE736824-171D-4AEB-B82D-6BB2FC5B0159}.Release|Any CPU.ActiveCfg = Release|Any CPU
		{CE736824-171D-4AEB-B82D-6BB2FC5B0159}.Release|Any CPU.Build.0 = Release|Any CPU
	EndGlobalSection
	GlobalSection(SolutionProperties) = preSolution
		HideSolutionNode = FALSE
	EndGlobalSection
	GlobalSection(ExtensibilityGlobals) = postSolution
		SolutionGuid = {D441F2B8-FE01-4FC9-B8EA-919B5F571529}
	EndGlobalSection
EndGlobal
